
Microsoft Visual Studio Solution File, Format Version 12.00
# Visual Studio Version 17
VisualStudioVersion = 17.5.002.0
MinimumVisualStudioVersion = 10.0.40219.1
Project("{9A19103F-16F7-4668-BE54-9A1E7A4F7556}") = "ShoppingCartBackEnd", "src\CarritoComprasBackend\ShoppingCartBackEnd.csproj", "{42A8A370-F99E-4313-8C10-8E0B52F4E984}"
EndProject
Project("{9A19103F-16F7-4668-BE54-9A1E7A4F7556}") = "DataRepository", "src\DataRepository\DataRepository.csproj", "{02F070DE-FA2A-4E3A-972D-1E63AB3C5B0C}"
EndProject
Project("{9A19103F-16F7-4668-BE54-9A1E7A4F7556}") = "Services", "src\Services\Services.csproj", "{249B8C4F-E4A6-421E-A694-84F2B7E8CE88}"
EndProject
Project("{9A19103F-16F7-4668-BE54-9A1E7A4F7556}") = "BusinessRules", "src\BusinessRules\BusinessRules.csproj", "{6564FC22-3402-42DB-9560-FB20EAA23876}"
EndProject
Project("{FAE04EC0-301F-11D3-BF4B-00C04F79EFBC}") = "Validations", "src\Validations\Validations.csproj", "{00240C33-2D43-4611-8163-9FD96548C398}"
EndProject
Project("{9A19103F-16F7-4668-BE54-9A1E7A4F7556}") = "CarritoComprasBackend.Tests", "tests\CarritoComprasBackend.Tests\CarritoComprasBackend.Tests.csproj", "{A1B2C3D4-E5F6-7890-ABCD-EF1234567890}"
EndProject
Project("{9A19103F-16F7-4668-BE54-9A1E7A4F7556}") = "BusinessRules.Tests", "tests\BusinessRules.Tests\BusinessRules.Tests.csproj", "{F2D3EF88-F5D3-4A9E-AFFA-B39AAFE55ABC}"
EndProject
Project("{9A19103F-16F7-4668-BE54-9A1E7A4F7556}") = "DataRepository.Tests", "tests\DataRepository.Tests\DataRepository.Tests.csproj", "{C1D2E3F4-A5B6-7890-CDEF-012345678901}"
EndProject
Project("{9A19103F-16F7-4668-BE54-9A1E7A4F7556}") = "Services.Tests", "tests\Services.Tests\Services.Tests.csproj", "{D2E3F4A5-B6C7-8901-DEFA-123456789012}"
EndProject
Project("{9A19103F-16F7-4668-BE54-9A1E7A4F7556}") = "Validations.Tests", "tests\Validations.Tests\Validations.Tests.csproj", "{E3F4A5B6-C7D8-9012-EFAB-234567890123}"
EndProject
Global
	GlobalSection(SolutionConfigurationPlatforms) = preSolution
		Debug|Any CPU = Debug|Any CPU
		Release|Any CPU = Release|Any CPU
	EndGlobalSection
	GlobalSection(ProjectConfigurationPlatforms) = postSolution
		{42A8A370-F99E-4313-8C10-8E0B52F4E984}.Debug|Any CPU.ActiveCfg = Debug|Any CPU
		{42A8A370-F99E-4313-8C10-8E0B52F4E984}.Debug|Any CPU.Build.0 = Debug|Any CPU
		{42A8A370-F99E-4313-8C10-8E0B52F4E984}.Release|Any CPU.ActiveCfg = Release|Any CPU
		{42A8A370-F99E-4313-8C10-8E0B52F4E984}.Release|Any CPU.Build.0 = Release|Any CPU
		{02F070DE-FA2A-4E3A-972D-1E63AB3C5B0C}.Debug|Any CPU.ActiveCfg = Debug|Any CPU
		{02F070DE-FA2A-4E3A-972D-1E63AB3C5B0C}.Debug|Any CPU.Build.0 = Debug|Any CPU
		{02F070DE-FA2A-4E3A-972D-1E63AB3C5B0C}.Release|Any CPU.ActiveCfg = Release|Any CPU
		{02F070DE-FA2A-4E3A-972D-1E63AB3C5B0C}.Release|Any CPU.Build.0 = Release|Any CPU
		{249B8C4F-E4A6-421E-A694-84F2B7E8CE88}.Debug|Any CPU.ActiveCfg = Debug|Any CPU
		{249B8C4F-E4A6-421E-A694-84F2B7E8CE88}.Debug|Any CPU.Build.0 = Debug|Any CPU
		{249B8C4F-E4A6-421E-A694-84F2B7E8CE88}.Release|Any CPU.ActiveCfg = Release|Any CPU
		{249B8C4F-E4A6-421E-A694-84F2B7E8CE88}.Release|Any CPU.Build.0 = Release|Any CPU
		{6564FC22-3402-42DB-9560-FB20EAA23876}.Debug|Any CPU.ActiveCfg = Debug|Any CPU
		{6564FC22-3402-42DB-9560-FB20EAA23876}.Debug|Any CPU.Build.0 = Debug|Any CPU
		{6564FC22-3402-42DB-9560-FB20EAA23876}.Release|Any CPU.ActiveCfg = Release|Any CPU
		{6564FC22-3402-42DB-9560-FB20EAA23876}.Release|Any CPU.Build.0 = Release|Any CPU
		{00240C33-2D43-4611-8163-9FD96548C398}.Debug|Any CPU.ActiveCfg = Debug|Any CPU
		{00240C33-2D43-4611-8163-9FD96548C398}.Debug|Any CPU.Build.0 = Debug|Any CPU
		{00240C33-2D43-4611-8163-9FD96548C398}.Release|Any CPU.ActiveCfg = Release|Any CPU
		{00240C33-2D43-4611-8163-9FD96548C398}.Release|Any CPU.Build.0 = Release|Any CPU
		{F2D3EF88-F5D3-4A9E-AFFA-B39AAFE55ABC}.Debug|Any CPU.ActiveCfg = Debug|Any CPU
		{F2D3EF88-F5D3-4A9E-AFFA-B39AAFE55ABC}.Debug|Any CPU.Build.0 = Debug|Any CPU
		{F2D3EF88-F5D3-4A9E-AFFA-B39AAFE55ABC}.Release|Any CPU.ActiveCfg = Release|Any CPU
		{F2D3EF88-F5D3-4A9E-AFFA-B39AAFE55ABC}.Release|Any CPU.Build.0 = Release|Any CPU
		{A1B2C3D4-E5F6-7890-ABCD-EF1234567890}.Debug|Any CPU.ActiveCfg = Debug|Any CPU
		{A1B2C3D4-E5F6-7890-ABCD-EF1234567890}.Debug|Any CPU.Build.0 = Debug|Any CPU
		{A1B2C3D4-E5F6-7890-ABCD-EF1234567890}.Release|Any CPU.ActiveCfg = Release|Any CPU
		{A1B2C3D4-E5F6-7890-ABCD-EF1234567890}.Release|Any CPU.Build.0 = Release|Any CPU
		{C1D2E3F4-A5B6-7890-CDEF-012345678901}.Debug|Any CPU.ActiveCfg = Debug|Any CPU
		{C1D2E3F4-A5B6-7890-CDEF-012345678901}.Debug|Any CPU.Build.0 = Debug|Any CPU
		{C1D2E3F4-A5B6-7890-CDEF-012345678901}.Release|Any CPU.ActiveCfg = Release|Any CPU
		{C1D2E3F4-A5B6-7890-CDEF-012345678901}.Release|Any CPU.Build.0 = Release|Any CPU
		{D2E3F4A5-B6C7-8901-DEFA-123456789012}.Debug|Any CPU.ActiveCfg = Debug|Any CPU
		{D2E3F4A5-B6C7-8901-DEFA-123456789012}.Debug|Any CPU.Build.0 = Debug|Any CPU
		{D2E3F4A5-B6C7-8901-DEFA-123456789012}.Release|Any CPU.ActiveCfg = Release|Any CPU
		{D2E3F4A5-B6C7-8901-DEFA-123456789012}.Release|Any CPU.Build.0 = Release|Any CPU
		{E3F4A5B6-C7D8-9012-EFAB-234567890123}.Debug|Any CPU.ActiveCfg = Debug|Any CPU
		{E3F4A5B6-C7D8-9012-EFAB-234567890123}.Debug|Any CPU.Build.0 = Debug|Any CPU
		{E3F4A5B6-C7D8-9012-EFAB-234567890123}.Release|Any CPU.ActiveCfg = Release|Any CPU
		{E3F4A5B6-C7D8-9012-EFAB-234567890123}.Release|Any CPU.Build.0 = Release|Any CPU
	EndGlobalSection
	GlobalSection(SolutionProperties) = preSolution
		HideSolutionNode = FALSE
	EndGlobalSection
	GlobalSection(NestedProjects) = preSolution
	EndGlobalSection
	GlobalSection(ExtensibilityGlobals) = postSolution
		SolutionGuid = {3141EF67-7B70-44CE-BB39-7AFA7A9B24E4}
	EndGlobalSection
EndGlobal
